// !$*UTF8*$!
{
	archiveVersion = 1;
	classes = {
	};
	objectVersion = 46;
	objects = {

/* Begin PBXBuildFile section */
		FC595DA21E1C22E0007A07B1 /* AppDelegate.swift in Sources */ = {isa = PBXBuildFile; fileRef = FC595DA11E1C22E0007A07B1 /* AppDelegate.swift */; };
		FC595DA41E1C22E0007A07B1 /* ViewController.swift in Sources */ = {isa = PBXBuildFile; fileRef = FC595DA31E1C22E0007A07B1 /* ViewController.swift */; };
		FC595DA71E1C22E0007A07B1 /* Main.storyboard in Resources */ = {isa = PBXBuildFile; fileRef = FC595DA51E1C22E0007A07B1 /* Main.storyboard */; };
		FC595DAA1E1C22E0007A07B1 /* Templates.xcdatamodeld in Sources */ = {isa = PBXBuildFile; fileRef = FC595DA81E1C22E0007A07B1 /* Templates.xcdatamodeld */; };
		FC595DAC1E1C22E0007A07B1 /* Assets.xcassets in Resources */ = {isa = PBXBuildFile; fileRef = FC595DAB1E1C22E0007A07B1 /* Assets.xcassets */; };
		FC595DAF1E1C22E0007A07B1 /* LaunchScreen.storyboard in Resources */ = {isa = PBXBuildFile; fileRef = FC595DAD1E1C22E0007A07B1 /* LaunchScreen.storyboard */; };
		FC595DBA1E1C22E1007A07B1 /* TemplatesTests.swift in Sources */ = {isa = PBXBuildFile; fileRef = FC595DB91E1C22E1007A07B1 /* TemplatesTests.swift */; };
		FC595DC51E1C22E1007A07B1 /* TemplatesUITests.swift in Sources */ = {isa = PBXBuildFile; fileRef = FC595DC41E1C22E1007A07B1 /* TemplatesUITests.swift */; };
/* End PBXBuildFile section */

/* Begin PBXContainerItemProxy section */
		FC595DB61E1C22E1007A07B1 /* PBXContainerItemProxy */ = {
			isa = PBXContainerItemProxy;
			containerPortal = FC595D961E1C22E0007A07B1 /* Project object */;
			proxyType = 1;
			remoteGlobalIDString = FC595D9D1E1C22E0007A07B1;
			remoteInfo = Templates;
		};
		FC595DC11E1C22E1007A07B1 /* PBXContainerItemProxy */ = {
			isa = PBXContainerItemProxy;
			containerPortal = FC595D961E1C22E0007A07B1 /* Project object */;
			proxyType = 1;
			remoteGlobalIDString = FC595D9D1E1C22E0007A07B1;
			remoteInfo = Templates;
		};
/* End PBXContainerItemProxy section */

/* Begin PBXFileReference section */
		FC595D9E1E1C22E0007A07B1 /* Templates.app */ = {isa = PBXFileReference; explicitFileType = wrapper.application; includeInIndex = 0; path = Templates.app; sourceTree = BUILT_PRODUCTS_DIR; };
		FC595DA11E1C22E0007A07B1 /* AppDelegate.swift */ = {isa = PBXFileReference; lastKnownFileType = sourcecode.swift; path = AppDelegate.swift; sourceTree = "<group>"; };
		FC595DA31E1C22E0007A07B1 /* ViewController.swift */ = {isa = PBXFileReference; lastKnownFileType = sourcecode.swift; path = ViewController.swift; sourceTree = "<group>"; };
		FC595DA61E1C22E0007A07B1 /* Base */ = {isa = PBXFileReference; lastKnownFileType = file.storyboard; name = Base; path = Base.lproj/Main.storyboard; sourceTree = "<group>"; };
		FC595DA91E1C22E0007A07B1 /* Templates.xcdatamodel */ = {isa = PBXFileReference; lastKnownFileType = wrapper.xcdatamodel; path = Templates.xcdatamodel; sourceTree = "<group>"; };
		FC595DAB1E1C22E0007A07B1 /* Assets.xcassets */ = {isa = PBXFileReference; lastKnownFileType = folder.assetcatalog; path = Assets.xcassets; sourceTree = "<group>"; };
		FC595DAE1E1C22E0007A07B1 /* Base */ = {isa = PBXFileReference; lastKnownFileType = file.storyboard; name = Base; path = Base.lproj/LaunchScreen.storyboard; sourceTree = "<group>"; };
		FC595DB01E1C22E0007A07B1 /* Info.plist */ = {isa = PBXFileReference; lastKnownFileType = text.plist.xml; path = Info.plist; sourceTree = "<group>"; };
		FC595DB51E1C22E1007A07B1 /* TemplatesTests.xctest */ = {isa = PBXFileReference; explicitFileType = wrapper.cfbundle; includeInIndex = 0; path = TemplatesTests.xctest; sourceTree = BUILT_PRODUCTS_DIR; };
		FC595DB91E1C22E1007A07B1 /* TemplatesTests.swift */ = {isa = PBXFileReference; lastKnownFileType = sourcecode.swift; path = TemplatesTests.swift; sourceTree = "<group>"; };
		FC595DBB1E1C22E1007A07B1 /* Info.plist */ = {isa = PBXFileReference; lastKnownFileType = text.plist.xml; path = Info.plist; sourceTree = "<group>"; };
		FC595DC01E1C22E1007A07B1 /* TemplatesUITests.xctest */ = {isa = PBXFileReference; explicitFileType = wrapper.cfbundle; includeInIndex = 0; path = TemplatesUITests.xctest; sourceTree = BUILT_PRODUCTS_DIR; };
		FC595DC41E1C22E1007A07B1 /* TemplatesUITests.swift */ = {isa = PBXFileReference; lastKnownFileType = sourcecode.swift; path = TemplatesUITests.swift; sourceTree = "<group>"; };
		FC595DC61E1C22E1007A07B1 /* Info.plist */ = {isa = PBXFileReference; lastKnownFileType = text.plist.xml; path = Info.plist; sourceTree = "<group>"; };
/* End PBXFileReference section */

/* Begin PBXFrameworksBuildPhase section */
		FC595D9B1E1C22E0007A07B1 /* Frameworks */ = {
			isa = PBXFrameworksBuildPhase;
			buildActionMask = 2147483647;
			files = (
			);
			runOnlyForDeploymentPostprocessing = 0;
		};
		FC595DB21E1C22E0007A07B1 /* Frameworks */ = {
			isa = PBXFrameworksBuildPhase;
			buildActionMask = 2147483647;
			files = (
			);
			runOnlyForDeploymentPostprocessing = 0;
		};
		FC595DBD1E1C22E1007A07B1 /* Frameworks */ = {
			isa = PBXFrameworksBuildPhase;
			buildActionMask = 2147483647;
			files = (
			);
			runOnlyForDeploymentPostprocessing = 0;
		};
/* End PBXFrameworksBuildPhase section */

/* Begin PBXGroup section */
		FC595D951E1C22E0007A07B1 = {
			isa = PBXGroup;
			children = (
				FC595DA01E1C22E0007A07B1 /* Templates */,
				FC595DB81E1C22E1007A07B1 /* TemplatesTests */,
				FC595DC31E1C22E1007A07B1 /* TemplatesUITests */,
				FC595D9F1E1C22E0007A07B1 /* Products */,
			);
			sourceTree = "<group>";
		};
		FC595D9F1E1C22E0007A07B1 /* Products */ = {
			isa = PBXGroup;
			children = (
				FC595D9E1E1C22E0007A07B1 /* Templates.app */,
				FC595DB51E1C22E1007A07B1 /* TemplatesTests.xctest */,
				FC595DC01E1C22E1007A07B1 /* TemplatesUITests.xctest */,
			);
			name = Products;
			sourceTree = "<group>";
		};
		FC595DA01E1C22E0007A07B1 /* Templates */ = {
			isa = PBXGroup;
			children = (
				FC595DA11E1C22E0007A07B1 /* AppDelegate.swift */,
				FC595DA31E1C22E0007A07B1 /* ViewController.swift */,
				FC595DA51E1C22E0007A07B1 /* Main.storyboard */,
				FC595DAB1E1C22E0007A07B1 /* Assets.xcassets */,
				FC595DAD1E1C22E0007A07B1 /* LaunchScreen.storyboard */,
				FC595DB01E1C22E0007A07B1 /* Info.plist */,
				FC595DA81E1C22E0007A07B1 /* Templates.xcdatamodeld */,
			);
			path = Templates;
			sourceTree = "<group>";
		};
		FC595DB81E1C22E1007A07B1 /* TemplatesTests */ = {
			isa = PBXGroup;
			children = (
				FC595DB91E1C22E1007A07B1 /* TemplatesTests.swift */,
				FC595DBB1E1C22E1007A07B1 /* Info.plist */,
			);
			path = TemplatesTests;
			sourceTree = "<group>";
		};
		FC595DC31E1C22E1007A07B1 /* TemplatesUITests */ = {
			isa = PBXGroup;
			children = (
				FC595DC41E1C22E1007A07B1 /* TemplatesUITests.swift */,
				FC595DC61E1C22E1007A07B1 /* Info.plist */,
			);
			path = TemplatesUITests;
			sourceTree = "<group>";
		};
/* End PBXGroup section */

/* Begin PBXNativeTarget section */
		FC595D9D1E1C22E0007A07B1 /* Templates */ = {
			isa = PBXNativeTarget;
			buildConfigurationList = FC595DC91E1C22E1007A07B1 /* Build configuration list for PBXNativeTarget "Templates" */;
			buildPhases = (
				FC595D9A1E1C22E0007A07B1 /* Sources */,
				FC595D9B1E1C22E0007A07B1 /* Frameworks */,
				FC595D9C1E1C22E0007A07B1 /* Resources */,
			);
			buildRules = (
			);
			dependencies = (
			);
			name = Templates;
			productName = Templates;
			productReference = FC595D9E1E1C22E0007A07B1 /* Templates.app */;
			productType = "com.apple.product-type.application";
		};
		FC595DB41E1C22E0007A07B1 /* TemplatesTests */ = {
			isa = PBXNativeTarget;
			buildConfigurationList = FC595DCC1E1C22E1007A07B1 /* Build configuration list for PBXNativeTarget "TemplatesTests" */;
			buildPhases = (
				FC595DB11E1C22E0007A07B1 /* Sources */,
				FC595DB21E1C22E0007A07B1 /* Frameworks */,
				FC595DB31E1C22E0007A07B1 /* Resources */,
			);
			buildRules = (
			);
			dependencies = (
				FC595DB71E1C22E1007A07B1 /* PBXTargetDependency */,
			);
			name = TemplatesTests;
			productName = TemplatesTests;
			productReference = FC595DB51E1C22E1007A07B1 /* TemplatesTests.xctest */;
			productType = "com.apple.product-type.bundle.unit-test";
		};
		FC595DBF1E1C22E1007A07B1 /* TemplatesUITests */ = {
			isa = PBXNativeTarget;
			buildConfigurationList = FC595DCF1E1C22E1007A07B1 /* Build configuration list for PBXNativeTarget "TemplatesUITests" */;
			buildPhases = (
				FC595DBC1E1C22E1007A07B1 /* Sources */,
				FC595DBD1E1C22E1007A07B1 /* Frameworks */,
				FC595DBE1E1C22E1007A07B1 /* Resources */,
			);
			buildRules = (
			);
			dependencies = (
				FC595DC21E1C22E1007A07B1 /* PBXTargetDependency */,
			);
			name = TemplatesUITests;
			productName = TemplatesUITests;
			productReference = FC595DC01E1C22E1007A07B1 /* TemplatesUITests.xctest */;
			productType = "com.apple.product-type.bundle.ui-testing";
		};
/* End PBXNativeTarget section */

/* Begin PBXProject section */
		FC595D961E1C22E0007A07B1 /* Project object */ = {
			isa = PBXProject;
			attributes = {
				LastSwiftUpdateCheck = 0820;
				LastUpgradeCheck = 0820;
				ORGANIZATIONNAME = HanekeDesign;
				TargetAttributes = {
					FC595D9D1E1C22E0007A07B1 = {
						CreatedOnToolsVersion = 8.2.1;
						DevelopmentTeam = YN49HZ876W;
						ProvisioningStyle = Automatic;
					};
					FC595DB41E1C22E0007A07B1 = {
						CreatedOnToolsVersion = 8.2.1;
						DevelopmentTeam = YN49HZ876W;
						ProvisioningStyle = Automatic;
						TestTargetID = FC595D9D1E1C22E0007A07B1;
					};
					FC595DBF1E1C22E1007A07B1 = {
						CreatedOnToolsVersion = 8.2.1;
						DevelopmentTeam = YN49HZ876W;
						ProvisioningStyle = Automatic;
						TestTargetID = FC595D9D1E1C22E0007A07B1;
					};
				};
			};
			buildConfigurationList = FC595D991E1C22E0007A07B1 /* Build configuration list for PBXProject "Templates" */;
			compatibilityVersion = "Xcode 3.2";
			developmentRegion = English;
			hasScannedForEncodings = 0;
			knownRegions = (
				en,
				Base,
			);
			mainGroup = FC595D951E1C22E0007A07B1;
			productRefGroup = FC595D9F1E1C22E0007A07B1 /* Products */;
			projectDirPath = "";
			projectRoot = "";
			targets = (
				FC595D9D1E1C22E0007A07B1 /* Templates */,
				FC595DB41E1C22E0007A07B1 /* TemplatesTests */,
				FC595DBF1E1C22E1007A07B1 /* TemplatesUITests */,
			);
		};
/* End PBXProject section */

/* Begin PBXResourcesBuildPhase section */
		FC595D9C1E1C22E0007A07B1 /* Resources */ = {
			isa = PBXResourcesBuildPhase;
			buildActionMask = 2147483647;
			files = (
				FC595DAF1E1C22E0007A07B1 /* LaunchScreen.storyboard in Resources */,
				FC595DAC1E1C22E0007A07B1 /* Assets.xcassets in Resources */,
				FC595DA71E1C22E0007A07B1 /* Main.storyboard in Resources */,
			);
			runOnlyForDeploymentPostprocessing = 0;
		};
		FC595DB31E1C22E0007A07B1 /* Resources */ = {
			isa = PBXResourcesBuildPhase;
			buildActionMask = 2147483647;
			files = (
			);
			runOnlyForDeploymentPostprocessing = 0;
		};
		FC595DBE1E1C22E1007A07B1 /* Resources */ = {
			isa = PBXResourcesBuildPhase;
			buildActionMask = 2147483647;
			files = (
			);
			runOnlyForDeploymentPostprocessing = 0;
		};
/* End PBXResourcesBuildPhase section */

/* Begin PBXSourcesBuildPhase section */
		FC595D9A1E1C22E0007A07B1 /* Sources */ = {
			isa = PBXSourcesBuildPhase;
			buildActionMask = 2147483647;
			files = (
				FC595DA41E1C22E0007A07B1 /* ViewController.swift in Sources */,
				FC595DA21E1C22E0007A07B1 /* AppDelegate.swift in Sources */,
				FC595DAA1E1C22E0007A07B1 /* Templates.xcdatamodeld in Sources */,
			);
			runOnlyForDeploymentPostprocessing = 0;
		};
		FC595DB11E1C22E0007A07B1 /* Sources */ = {
			isa = PBXSourcesBuildPhase;
			buildActionMask = 2147483647;
			files = (
				FC595DBA1E1C22E1007A07B1 /* TemplatesTests.swift in Sources */,
			);
			runOnlyForDeploymentPostprocessing = 0;
		};
		FC595DBC1E1C22E1007A07B1 /* Sources */ = {
			isa = PBXSourcesBuildPhase;
			buildActionMask = 2147483647;
			files = (
				FC595DC51E1C22E1007A07B1 /* TemplatesUITests.swift in Sources */,
			);
			runOnlyForDeploymentPostprocessing = 0;
		};
/* End PBXSourcesBuildPhase section */

/* Begin PBXTargetDependency section */
		FC595DB71E1C22E1007A07B1 /* PBXTargetDependency */ = {
			isa = PBXTargetDependency;
			target = FC595D9D1E1C22E0007A07B1 /* Templates */;
			targetProxy = FC595DB61E1C22E1007A07B1 /* PBXContainerItemProxy */;
		};
		FC595DC21E1C22E1007A07B1 /* PBXTargetDependency */ = {
			isa = PBXTargetDependency;
			target = FC595D9D1E1C22E0007A07B1 /* Templates */;
			targetProxy = FC595DC11E1C22E1007A07B1 /* PBXContainerItemProxy */;
		};
/* End PBXTargetDependency section */

/* Begin PBXVariantGroup section */
		FC595DA51E1C22E0007A07B1 /* Main.storyboard */ = {
			isa = PBXVariantGroup;
			children = (
				FC595DA61E1C22E0007A07B1 /* Base */,
			);
			name = Main.storyboard;
			sourceTree = "<group>";
		};
		FC595DAD1E1C22E0007A07B1 /* LaunchScreen.storyboard */ = {
			isa = PBXVariantGroup;
			children = (
				FC595DAE1E1C22E0007A07B1 /* Base */,
			);
			name = LaunchScreen.storyboard;
			sourceTree = "<group>";
		};
/* End PBXVariantGroup section */

/* Begin XCBuildConfiguration section */
		FC595DC71E1C22E1007A07B1 /* Debug */ = {
			isa = XCBuildConfiguration;
			buildSettings = {
				ALWAYS_SEARCH_USER_PATHS = NO;
				CLANG_ANALYZER_NONNULL = YES;
				CLANG_CXX_LANGUAGE_STANDARD = "gnu++0x";
				CLANG_CXX_LIBRARY = "libc++";
				CLANG_ENABLE_MODULES = YES;
				CLANG_ENABLE_OBJC_ARC = YES;
				CLANG_WARN_BOOL_CONVERSION = YES;
				CLANG_WARN_CONSTANT_CONVERSION = YES;
				CLANG_WARN_DIRECT_OBJC_ISA_USAGE = YES_ERROR;
				CLANG_WARN_DOCUMENTATION_COMMENTS = YES;
				CLANG_WARN_EMPTY_BODY = YES;
				CLANG_WARN_ENUM_CONVERSION = YES;
				CLANG_WARN_INFINITE_RECURSION = YES;
				CLANG_WARN_INT_CONVERSION = YES;
				CLANG_WARN_OBJC_ROOT_CLASS = YES_ERROR;
				CLANG_WARN_SUSPICIOUS_MOVE = YES;
				CLANG_WARN_UNREACHABLE_CODE = YES;
				CLANG_WARN__DUPLICATE_METHOD_MATCH = YES;
				"CODE_SIGN_IDENTITY[sdk=iphoneos*]" = "iPhone Developer";
				COPY_PHASE_STRIP = NO;
				DEBUG_INFORMATION_FORMAT = dwarf;
				ENABLE_STRICT_OBJC_MSGSEND = YES;
				ENABLE_TESTABILITY = YES;
				GCC_C_LANGUAGE_STANDARD = gnu99;
				GCC_DYNAMIC_NO_PIC = NO;
				GCC_NO_COMMON_BLOCKS = YES;
				GCC_OPTIMIZATION_LEVEL = 0;
				GCC_PREPROCESSOR_DEFINITIONS = (
					"DEBUG=1",
					"$(inherited)",
				);
				GCC_WARN_64_TO_32_BIT_CONVERSION = YES;
				GCC_WARN_ABOUT_RETURN_TYPE = YES_ERROR;
				GCC_WARN_UNDECLARED_SELECTOR = YES;
				GCC_WARN_UNINITIALIZED_AUTOS = YES_AGGRESSIVE;
				GCC_WARN_UNUSED_FUNCTION = YES;
				GCC_WARN_UNUSED_VARIABLE = YES;
				IPHONEOS_DEPLOYMENT_TARGET = 10.2;
				MTL_ENABLE_DEBUG_INFO = YES;
				ONLY_ACTIVE_ARCH = YES;
				SDKROOT = iphoneos;
				SWIFT_ACTIVE_COMPILATION_CONDITIONS = DEBUG;
				SWIFT_OPTIMIZATION_LEVEL = "-Onone";
				TARGETED_DEVICE_FAMILY = "1,2";
			};
			name = Debug;
		};
		FC595DC81E1C22E1007A07B1 /* Release */ = {
			isa = XCBuildConfiguration;
			buildSettings = {
				ALWAYS_SEARCH_USER_PATHS = NO;
				CLANG_ANALYZER_NONNULL = YES;
				CLANG_CXX_LANGUAGE_STANDARD = "gnu++0x";
				CLANG_CXX_LIBRARY = "libc++";
				CLANG_ENABLE_MODULES = YES;
				CLANG_ENABLE_OBJC_ARC = YES;
				CLANG_WARN_BOOL_CONVERSION = YES;
				CLANG_WARN_CONSTANT_CONVERSION = YES;
				CLANG_WARN_DIRECT_OBJC_ISA_USAGE = YES_ERROR;
				CLANG_WARN_DOCUMENTATION_COMMENTS = YES;
				CLANG_WARN_EMPTY_BODY = YES;
				CLANG_WARN_ENUM_CONVERSION = YES;
				CLANG_WARN_INFINITE_RECURSION = YES;
				CLANG_WARN_INT_CONVERSION = YES;
				CLANG_WARN_OBJC_ROOT_CLASS = YES_ERROR;
				CLANG_WARN_SUSPICIOUS_MOVE = YES;
				CLANG_WARN_UNREACHABLE_CODE = YES;
				CLANG_WARN__DUPLICATE_METHOD_MATCH = YES;
				"CODE_SIGN_IDENTITY[sdk=iphoneos*]" = "iPhone Developer";
				COPY_PHASE_STRIP = NO;
				DEBUG_INFORMATION_FORMAT = "dwarf-with-dsym";
				ENABLE_NS_ASSERTIONS = NO;
				ENABLE_STRICT_OBJC_MSGSEND = YES;
				GCC_C_LANGUAGE_STANDARD = gnu99;
				GCC_NO_COMMON_BLOCKS = YES;
				GCC_WARN_64_TO_32_BIT_CONVERSION = YES;
				GCC_WARN_ABOUT_RETURN_TYPE = YES_ERROR;
				GCC_WARN_UNDECLARED_SELECTOR = YES;
				GCC_WARN_UNINITIALIZED_AUTOS = YES_AGGRESSIVE;
				GCC_WARN_UNUSED_FUNCTION = YES;
				GCC_WARN_UNUSED_VARIABLE = YES;
				IPHONEOS_DEPLOYMENT_TARGET = 10.2;
				MTL_ENABLE_DEBUG_INFO = NO;
				SDKROOT = iphoneos;
				SWIFT_OPTIMIZATION_LEVEL = "-Owholemodule";
				TARGETED_DEVICE_FAMILY = "1,2";
				VALIDATE_PRODUCT = YES;
			};
			name = Release;
		};
		FC595DCA1E1C22E1007A07B1 /* Debug */ = {
			isa = XCBuildConfiguration;
			buildSettings = {
				ASSETCATALOG_COMPILER_APPICON_NAME = AppIcon;
				DEVELOPMENT_TEAM = YN49HZ876W;
				INFOPLIST_FILE = Templates/Info.plist;
				LD_RUNPATH_SEARCH_PATHS = "$(inherited) @executable_path/Frameworks";
				PRODUCT_BUNDLE_IDENTIFIER = com.hanekedesign.Templates.Templates;
				PRODUCT_NAME = "$(TARGET_NAME)";
				SWIFT_VERSION = 3.0;
			};
			name = Debug;
		};
		FC595DCB1E1C22E1007A07B1 /* Release */ = {
			isa = XCBuildConfiguration;
			buildSettings = {
				ASSETCATALOG_COMPILER_APPICON_NAME = AppIcon;
				DEVELOPMENT_TEAM = YN49HZ876W;
				INFOPLIST_FILE = Templates/Info.plist;
				LD_RUNPATH_SEARCH_PATHS = "$(inherited) @executable_path/Frameworks";
				PRODUCT_BUNDLE_IDENTIFIER = com.hanekedesign.Templates.Templates;
				PRODUCT_NAME = "$(TARGET_NAME)";
				SWIFT_VERSION = 3.0;
			};
			name = Release;
		};
		FC595DCD1E1C22E1007A07B1 /* Debug */ = {
			isa = XCBuildConfiguration;
			buildSettings = {
				ALWAYS_EMBED_SWIFT_STANDARD_LIBRARIES = YES;
				BUNDLE_LOADER = "$(TEST_HOST)";
				DEVELOPMENT_TEAM = YN49HZ876W;
				INFOPLIST_FILE = TemplatesTests/Info.plist;
				LD_RUNPATH_SEARCH_PATHS = "$(inherited) @executable_path/Frameworks @loader_path/Frameworks";
				PRODUCT_BUNDLE_IDENTIFIER = com.hanekedesign.Templates.TemplatesTests;
				PRODUCT_NAME = "$(TARGET_NAME)";
				SWIFT_VERSION = 3.0;
				TEST_HOST = "$(BUILT_PRODUCTS_DIR)/Templates.app/Templates";
			};
			name = Debug;
		};
		FC595DCE1E1C22E1007A07B1 /* Release */ = {
			isa = XCBuildConfiguration;
			buildSettings = {
				ALWAYS_EMBED_SWIFT_STANDARD_LIBRARIES = YES;
				BUNDLE_LOADER = "$(TEST_HOST)";
				DEVELOPMENT_TEAM = YN49HZ876W;
				INFOPLIST_FILE = TemplatesTests/Info.plist;
				LD_RUNPATH_SEARCH_PATHS = "$(inherited) @executable_path/Frameworks @loader_path/Frameworks";
				PRODUCT_BUNDLE_IDENTIFIER = com.hanekedesign.Templates.TemplatesTests;
				PRODUCT_NAME = "$(TARGET_NAME)";
				SWIFT_VERSION = 3.0;
				TEST_HOST = "$(BUILT_PRODUCTS_DIR)/Templates.app/Templates";
			};
			name = Release;
		};
		FC595DD01E1C22E1007A07B1 /* Debug */ = {
			isa = XCBuildConfiguration;
			buildSettings = {
				ALWAYS_EMBED_SWIFT_STANDARD_LIBRARIES = YES;
				DEVELOPMENT_TEAM = YN49HZ876W;
				INFOPLIST_FILE = TemplatesUITests/Info.plist;
				LD_RUNPATH_SEARCH_PATHS = "$(inherited) @executable_path/Frameworks @loader_path/Frameworks";
				PRODUCT_BUNDLE_IDENTIFIER = com.hanekedesign.Templates.TemplatesUITests;
				PRODUCT_NAME = "$(TARGET_NAME)";
				SWIFT_VERSION = 3.0;
				TEST_TARGET_NAME = Templates;
			};
			name = Debug;
		};
		FC595DD11E1C22E1007A07B1 /* Release */ = {
			isa = XCBuildConfiguration;
			buildSettings = {
				ALWAYS_EMBED_SWIFT_STANDARD_LIBRARIES = YES;
				DEVELOPMENT_TEAM = YN49HZ876W;
				INFOPLIST_FILE = TemplatesUITests/Info.plist;
				LD_RUNPATH_SEARCH_PATHS = "$(inherited) @executable_path/Frameworks @loader_path/Frameworks";
				PRODUCT_BUNDLE_IDENTIFIER = com.hanekedesign.Templates.TemplatesUITests;
				PRODUCT_NAME = "$(TARGET_NAME)";
				SWIFT_VERSION = 3.0;
				TEST_TARGET_NAME = Templates;
			};
			name = Release;
		};
/* End XCBuildConfiguration section */

/* Begin XCConfigurationList section */
		FC595D991E1C22E0007A07B1 /* Build configuration list for PBXProject "Templates" */ = {
			isa = XCConfigurationList;
			buildConfigurations = (
				FC595DC71E1C22E1007A07B1 /* Debug */,
				FC595DC81E1C22E1007A07B1 /* Release */,
			);
			defaultConfigurationIsVisible = 0;
			defaultConfigurationName = Release;
		};
		FC595DC91E1C22E1007A07B1 /* Build configuration list for PBXNativeTarget "Templates" */ = {
			isa = XCConfigurationList;
			buildConfigurations = (
				FC595DCA1E1C22E1007A07B1 /* Debug */,
				FC595DCB1E1C22E1007A07B1 /* Release */,
			);
			defaultConfigurationIsVisible = 0;
		};
		FC595DCC1E1C22E1007A07B1 /* Build configuration list for PBXNativeTarget "TemplatesTests" */ = {
			isa = XCConfigurationList;
			buildConfigurations = (
				FC595DCD1E1C22E1007A07B1 /* Debug */,
				FC595DCE1E1C22E1007A07B1 /* Release */,
			);
			defaultConfigurationIsVisible = 0;
		};
		FC595DCF1E1C22E1007A07B1 /* Build configuration list for PBXNativeTarget "TemplatesUITests" */ = {
			isa = XCConfigurationList;
			buildConfigurations = (
				FC595DD01E1C22E1007A07B1 /* Debug */,
				FC595DD11E1C22E1007A07B1 /* Release */,
			);
			defaultConfigurationIsVisible = 0;
		};
/* End XCConfigurationList section */

/* Begin XCVersionGroup section */
		FC595DA81E1C22E0007A07B1 /* Templates.xcdatamodeld */ = {
			isa = XCVersionGroup;
			children = (
				FC595DA91E1C22E0007A07B1 /* Templates.xcdatamodel */,
			);
			currentVersion = FC595DA91E1C22E0007A07B1 /* Templates.xcdatamodel */;
			path = Templates.xcdatamodeld;
			sourceTree = "<group>";
			versionGroupType = wrapper.xcdatamodel;
		};
/* End XCVersionGroup section */
	};
	rootObject = FC595D961E1C22E0007A07B1 /* Project object */;
}
